schema: '2.0'
stages:
  prepare:
    cmd: python datasets/MovieLens_Large/preprocess_ml1m.py
    deps:
    - path: datasets/MovieLens_Large/ml-1m.txt
      hash: md5
      md5: f7699aece54d883579ea84535bacdda0
      size: 9053831
    - path: datasets/MovieLens_Large/preprocess_ml1m.py
      hash: md5
      md5: bd2f6fb9fc5783246b17d602645803f6
      size: 5322
    outs:
    - path: datasets/MovieLens_Large/dataset_stats.json
      hash: md5
      md5: 1e32f6a8c633babe5c07ca99427534c3
      size: 80
    - path: datasets/MovieLens_Large/test
      hash: md5
      md5: 47cd5d0776a6556a8929a7466fda4fd4.dir
      size: 4230954
      nfiles: 2
    - path: datasets/MovieLens_Large/train
      hash: md5
      md5: f2080d46bbb7abb3ac39e8225a03e029.dir
      size: 4177265
      nfiles: 1
    - path: datasets/MovieLens_Large/val
      hash: md5
      md5: c1a01737a7975c324789c3a13289d2e2.dir
      size: 359374
      nfiles: 2
  train:
    cmd: python scripts/train.py 
      --config=recsys_project/configs/config_sasrec.py 
      --config_hyper=recsys_project/configs/config_training.py
    deps:
    - path: recsys_project/configs/config.py
      hash: md5
      md5: 7598c313da9fedb14e5b73b74c85b248
      size: 3250
    - path: recsys_project/configs/config_sasrec.py
      hash: md5
      md5: c3a24db31fb75bde932b848da090bef7
      size: 262
    - path: recsys_project/configs/config_training.py
      hash: md5
      md5: b52aee2d25ff9b7b4b93ac0b8f79fabe
      size: 167
    - path: recsys_project/utils/training_utils.py
      hash: md5
      md5: cff7c668d11573b391e149b9aec22fd7
      size: 3532
    - path: scripts/train.py
      hash: md5
      md5: a1b7b97e8816584b15b453487510d0d1
      size: 6297
    outs:
    - path: checkpoints
      hash: md5
      md5: 3748f5d0c3c11ef8b0b1284fe5c30342.dir
      size: 5071438
      nfiles: 2
    - path: hf_checkpoints
      hash: md5
      md5: fbefb834c048a41a275f7d07e67e5c0b.dir
      size: 2531035
      nfiles: 2
  evaluate:
    cmd: python scripts/evaluate.py 
      --config=recsys_project/configs/config_sasrec.py 
      --config_hyper=recsys_project/configs/config_training.py 
      --checkpoint=checkpoints/best_model.pt
    deps:
    - path: recsys_project/configs/config.py
      hash: md5
      md5: 7598c313da9fedb14e5b73b74c85b248
      size: 3250
    - path: recsys_project/configs/config_sasrec.py
      hash: md5
      md5: c3a24db31fb75bde932b848da090bef7
      size: 262
    - path: recsys_project/configs/config_training.py
      hash: md5
      md5: b52aee2d25ff9b7b4b93ac0b8f79fabe
      size: 167
    - path: recsys_project/utils/evaluation_utils.py
      hash: md5
      md5: 4ada9d39de6a2d68e5148540e13cc4f5
      size: 2431
    - path: scripts/evaluate.py
      hash: md5
      md5: c9f53488c26472fa29c42be857cb7a10
      size: 4248
